
Microsoft Visual Studio Solution File, Format Version 12.00
Project("{FAE04EC0-301F-11D3-BF4B-00C04F79EFBC}") = "CleanCodeDevOps.App", "CleanCodeDevOps.App\CleanCodeDevOps.App.csproj", "{2AF90950-BD5A-4905-9F43-B4A5895E749C}"
EndProject
Project("{FAE04EC0-301F-11D3-BF4B-00C04F79EFBC}") = "CalculatorApp", "CalculatorApp\CalculatorApp.csproj", "{667B8EFB-D592-4AA2-B5DE-E9A1271CBB37}"
EndProject
Project("{FAE04EC0-301F-11D3-BF4B-00C04F79EFBC}") = "CalculatorAppTests", "CalculatorAppTests\CalculatorAppTests.csproj", "{AF6A4A83-1AF1-4025-BB40-5AFFFBAE627F}"
EndProject
Project("{FAE04EC0-301F-11D3-BF4B-00C04F79EFBC}") = "PackagePriceCalculator", "PackagePriceCalculator\PackagePriceCalculator.csproj", "{48E0B4A9-0012-484C-901A-D45812B5592A}"
EndProject
Project("{FAE04EC0-301F-11D3-BF4B-00C04F79EFBC}") = "EmployeeAccess", "EmployeeAccess\EmployeeAccess.csproj", "{587D7E41-7FB4-462C-80BC-07016376A787}"
EndProject
Project("{FAE04EC0-301F-11D3-BF4B-00C04F79EFBC}") = "EmployeeAccess.Test", "EmployeeAccess.Test\EmployeeAccess.Test.csproj", "{D4C18F32-B264-4BF9-B3EB-AA4CD615FADD}"
EndProject
Project("{FAE04EC0-301F-11D3-BF4B-00C04F79EFBC}") = "PackagePriceTests", "PackagePriceTests\PackagePriceTests.csproj", "{2014D79D-29E6-468A-9E5D-042EA310A8E1}"
EndProject
Global
	GlobalSection(SolutionConfigurationPlatforms) = preSolution
		Debug|Any CPU = Debug|Any CPU
		Release|Any CPU = Release|Any CPU
	EndGlobalSection
	GlobalSection(ProjectConfigurationPlatforms) = postSolution
		{2AF90950-BD5A-4905-9F43-B4A5895E749C}.Debug|Any CPU.ActiveCfg = Debug|Any CPU
		{2AF90950-BD5A-4905-9F43-B4A5895E749C}.Debug|Any CPU.Build.0 = Debug|Any CPU
		{2AF90950-BD5A-4905-9F43-B4A5895E749C}.Release|Any CPU.ActiveCfg = Release|Any CPU
		{2AF90950-BD5A-4905-9F43-B4A5895E749C}.Release|Any CPU.Build.0 = Release|Any CPU
		{667B8EFB-D592-4AA2-B5DE-E9A1271CBB37}.Debug|Any CPU.ActiveCfg = Debug|Any CPU
		{667B8EFB-D592-4AA2-B5DE-E9A1271CBB37}.Debug|Any CPU.Build.0 = Debug|Any CPU
		{667B8EFB-D592-4AA2-B5DE-E9A1271CBB37}.Release|Any CPU.ActiveCfg = Release|Any CPU
		{667B8EFB-D592-4AA2-B5DE-E9A1271CBB37}.Release|Any CPU.Build.0 = Release|Any CPU
		{AF6A4A83-1AF1-4025-BB40-5AFFFBAE627F}.Debug|Any CPU.ActiveCfg = Debug|Any CPU
		{AF6A4A83-1AF1-4025-BB40-5AFFFBAE627F}.Debug|Any CPU.Build.0 = Debug|Any CPU
		{AF6A4A83-1AF1-4025-BB40-5AFFFBAE627F}.Release|Any CPU.ActiveCfg = Release|Any CPU
		{AF6A4A83-1AF1-4025-BB40-5AFFFBAE627F}.Release|Any CPU.Build.0 = Release|Any CPU
		{48E0B4A9-0012-484C-901A-D45812B5592A}.Debug|Any CPU.ActiveCfg = Debug|Any CPU
		{48E0B4A9-0012-484C-901A-D45812B5592A}.Debug|Any CPU.Build.0 = Debug|Any CPU
		{48E0B4A9-0012-484C-901A-D45812B5592A}.Release|Any CPU.ActiveCfg = Release|Any CPU
		{48E0B4A9-0012-484C-901A-D45812B5592A}.Release|Any CPU.Build.0 = Release|Any CPU
		{587D7E41-7FB4-462C-80BC-07016376A787}.Debug|Any CPU.ActiveCfg = Debug|Any CPU
		{587D7E41-7FB4-462C-80BC-07016376A787}.Debug|Any CPU.Build.0 = Debug|Any CPU
		{587D7E41-7FB4-462C-80BC-07016376A787}.Release|Any CPU.ActiveCfg = Release|Any CPU
		{587D7E41-7FB4-462C-80BC-07016376A787}.Release|Any CPU.Build.0 = Release|Any CPU
		{D4C18F32-B264-4BF9-B3EB-AA4CD615FADD}.Debug|Any CPU.ActiveCfg = Debug|Any CPU
		{D4C18F32-B264-4BF9-B3EB-AA4CD615FADD}.Debug|Any CPU.Build.0 = Debug|Any CPU
		{D4C18F32-B264-4BF9-B3EB-AA4CD615FADD}.Release|Any CPU.ActiveCfg = Release|Any CPU
		{D4C18F32-B264-4BF9-B3EB-AA4CD615FADD}.Release|Any CPU.Build.0 = Release|Any CPU
		{2014D79D-29E6-468A-9E5D-042EA310A8E1}.Debug|Any CPU.ActiveCfg = Debug|Any CPU
		{2014D79D-29E6-468A-9E5D-042EA310A8E1}.Debug|Any CPU.Build.0 = Debug|Any CPU
		{2014D79D-29E6-468A-9E5D-042EA310A8E1}.Release|Any CPU.ActiveCfg = Release|Any CPU
		{2014D79D-29E6-468A-9E5D-042EA310A8E1}.Release|Any CPU.Build.0 = Release|Any CPU
	EndGlobalSection
EndGlobal
